
Microsoft Visual Studio Solution File, Format Version 12.00
# Visual Studio Version 16
VisualStudioVersion = 16.0.29613.14
MinimumVisualStudioVersion = 10.0.40219.1
Project("{FAE04EC0-301F-11D3-BF4B-00C04F79EFBC}") = "GITA_Tech_Site", "GITA_Tech_Site\GITA_Tech_Site.csproj", "{13D22344-14FA-49F2-BC5E-4A6B5350915E}"
EndProject
Global
	GlobalSection(SolutionConfigurationPlatforms) = preSolution
		Debug|Any CPU = Debug|Any CPU
		Release|Any CPU = Release|Any CPU
	EndGlobalSection
	GlobalSection(ProjectConfigurationPlatforms) = postSolution
		{13D22344-14FA-49F2-BC5E-4A6B5350915E}.Debug|Any CPU.ActiveCfg = Debug|Any CPU
		{13D22344-14FA-49F2-BC5E-4A6B5350915E}.Debug|Any CPU.Build.0 = Debug|Any CPU
		{13D22344-14FA-49F2-BC5E-4A6B5350915E}.Release|Any CPU.ActiveCfg = Release|Any CPU
		{13D22344-14FA-49F2-BC5E-4A6B5350915E}.Release|Any CPU.Build.0 = Release|Any CPU
	EndGlobalSection
	GlobalSection(SolutionProperties) = preSolution
		HideSolutionNode = FALSE
	EndGlobalSection
	GlobalSection(ExtensibilityGlobals) = postSolution
		SolutionGuid = {CC2F0C76-8C2C-4DC5-9AE0-87457A9C21F1}
	EndGlobalSection
EndGlobal
